
Microsoft Visual Studio Solution File, Format Version 12.00
# Visual Studio 15
VisualStudioVersion = 15.0.27428.2043
MinimumVisualStudioVersion = 10.0.40219.1
Project("{FAE04EC0-301F-11D3-BF4B-00C04F79EFBC}") = "CalorieCounter", "CalorieCounter\CalorieCounter.csproj", "{A6100DD1-3022-488E-875F-F9864CAEB0CE}"
EndProject
Project("{FAE04EC0-301F-11D3-BF4B-00C04F79EFBC}") = "CalorieCounter.BaseLib", "CalorieCounter.BaseLib\CalorieCounter.BaseLib.csproj", "{C2B1718F-B4DD-44DF-B205-C6EBDE86FE78}"
EndProject
Project("{FAE04EC0-301F-11D3-BF4B-00C04F79EFBC}") = "CalorieCounter.DAL", "CalorieCounter.DAL\CalorieCounter.DAL.csproj", "{AE5D2B04-98CD-4CF2-ADE7-A1702B257FC4}"
EndProject
Project("{FAE04EC0-301F-11D3-BF4B-00C04F79EFBC}") = "CalorieCounter.Model", "CalorieCounter.Model\CalorieCounter.Model.csproj", "{5F3F05E5-0E46-4515-AB24-A94EB59D2E6F}"
EndProject
Project("{FAE04EC0-301F-11D3-BF4B-00C04F79EFBC}") = "CalorieCounter.Controllers", "CalorieCounter.Controllers\CalorieCounter.Controllers.csproj", "{06B5825E-5E10-4563-AEEC-5AD7CC111B11}"
EndProject
Project("{FAE04EC0-301F-11D3-BF4B-00C04F79EFBC}") = "CalorieCounter.Tests", "CalorieCounter.Tests\CalorieCounter.Tests.csproj", "{BE131930-3D4E-4E08-998B-CB4422F7B33F}"
EndProject
Global
	GlobalSection(SolutionConfigurationPlatforms) = preSolution
		Debug|Any CPU = Debug|Any CPU
		Release|Any CPU = Release|Any CPU
	EndGlobalSection
	GlobalSection(ProjectConfigurationPlatforms) = postSolution
		{A6100DD1-3022-488E-875F-F9864CAEB0CE}.Debug|Any CPU.ActiveCfg = Debug|Any CPU
		{A6100DD1-3022-488E-875F-F9864CAEB0CE}.Debug|Any CPU.Build.0 = Debug|Any CPU
		{A6100DD1-3022-488E-875F-F9864CAEB0CE}.Release|Any CPU.ActiveCfg = Release|Any CPU
		{A6100DD1-3022-488E-875F-F9864CAEB0CE}.Release|Any CPU.Build.0 = Release|Any CPU
		{C2B1718F-B4DD-44DF-B205-C6EBDE86FE78}.Debug|Any CPU.ActiveCfg = Debug|Any CPU
		{C2B1718F-B4DD-44DF-B205-C6EBDE86FE78}.Debug|Any CPU.Build.0 = Debug|Any CPU
		{C2B1718F-B4DD-44DF-B205-C6EBDE86FE78}.Release|Any CPU.ActiveCfg = Release|Any CPU
		{C2B1718F-B4DD-44DF-B205-C6EBDE86FE78}.Release|Any CPU.Build.0 = Release|Any CPU
		{AE5D2B04-98CD-4CF2-ADE7-A1702B257FC4}.Debug|Any CPU.ActiveCfg = Debug|Any CPU
		{AE5D2B04-98CD-4CF2-ADE7-A1702B257FC4}.Debug|Any CPU.Build.0 = Debug|Any CPU
		{AE5D2B04-98CD-4CF2-ADE7-A1702B257FC4}.Release|Any CPU.ActiveCfg = Release|Any CPU
		{AE5D2B04-98CD-4CF2-ADE7-A1702B257FC4}.Release|Any CPU.Build.0 = Release|Any CPU
		{5F3F05E5-0E46-4515-AB24-A94EB59D2E6F}.Debug|Any CPU.ActiveCfg = Debug|Any CPU
		{5F3F05E5-0E46-4515-AB24-A94EB59D2E6F}.Debug|Any CPU.Build.0 = Debug|Any CPU
		{5F3F05E5-0E46-4515-AB24-A94EB59D2E6F}.Release|Any CPU.ActiveCfg = Release|Any CPU
		{5F3F05E5-0E46-4515-AB24-A94EB59D2E6F}.Release|Any CPU.Build.0 = Release|Any CPU
		{06B5825E-5E10-4563-AEEC-5AD7CC111B11}.Debug|Any CPU.ActiveCfg = Debug|Any CPU
		{06B5825E-5E10-4563-AEEC-5AD7CC111B11}.Debug|Any CPU.Build.0 = Debug|Any CPU
		{06B5825E-5E10-4563-AEEC-5AD7CC111B11}.Release|Any CPU.ActiveCfg = Release|Any CPU
		{06B5825E-5E10-4563-AEEC-5AD7CC111B11}.Release|Any CPU.Build.0 = Release|Any CPU
		{BE131930-3D4E-4E08-998B-CB4422F7B33F}.Debug|Any CPU.ActiveCfg = Debug|Any CPU
		{BE131930-3D4E-4E08-998B-CB4422F7B33F}.Debug|Any CPU.Build.0 = Debug|Any CPU
		{BE131930-3D4E-4E08-998B-CB4422F7B33F}.Release|Any CPU.ActiveCfg = Release|Any CPU
		{BE131930-3D4E-4E08-998B-CB4422F7B33F}.Release|Any CPU.Build.0 = Release|Any CPU
	EndGlobalSection
	GlobalSection(SolutionProperties) = preSolution
		HideSolutionNode = FALSE
	EndGlobalSection
	GlobalSection(ExtensibilityGlobals) = postSolution
		SolutionGuid = {275E9BAD-F1E6-4EF8-A964-7DFFDB6F3EA8}
	EndGlobalSection
EndGlobal
